
Microsoft Visual Studio Solution File, Format Version 12.00
# Visual Studio 15
VisualStudioVersion = 15.0.28307.329
MinimumVisualStudioVersion = 10.0.40219.1
Project("{FAE04EC0-301F-11D3-BF4B-00C04F79EFBC}") = "GUI_QuanLy", "GUI_QuanLy\GUI_QuanLy.csproj", "{19C63406-82CE-4C90-931B-E3AB13108FB2}"
EndProject
Project("{FAE04EC0-301F-11D3-BF4B-00C04F79EFBC}") = "DTO_QuanLy", "DTO_QuanLy\DTO_QuanLy.csproj", "{BC4680B7-2E02-41C7-882B-D95E4FFB684E}"
EndProject
Project("{FAE04EC0-301F-11D3-BF4B-00C04F79EFBC}") = "DAL_QuanLy", "DAL_QuanLy\DAL_QuanLy.csproj", "{F04B2C92-1A08-447E-A842-182D85D46D4A}"
EndProject
Project("{FAE04EC0-301F-11D3-BF4B-00C04F79EFBC}") = "BUS_QuanLy", "BUS_QuanLy\BUS_QuanLy.csproj", "{F056642F-22A3-486D-9A1F-CC30E1FBE15C}"
EndProject
Project("{840C416C-B8F3-42BC-B0DD-F6BB14C9F8CB}") = "Setup", "Setup\Setup.aiproj", "{C2985E33-D7D2-4FA5-BF96-E68D4E76AC24}"
EndProject
Global
	GlobalSection(SolutionConfigurationPlatforms) = preSolution
		All|Any CPU = All|Any CPU
		Debug|Any CPU = Debug|Any CPU
		Release|Any CPU = Release|Any CPU
	EndGlobalSection
	GlobalSection(ProjectConfigurationPlatforms) = postSolution
		{19C63406-82CE-4C90-931B-E3AB13108FB2}.All|Any CPU.ActiveCfg = Release|Any CPU
		{19C63406-82CE-4C90-931B-E3AB13108FB2}.All|Any CPU.Build.0 = Release|Any CPU
		{19C63406-82CE-4C90-931B-E3AB13108FB2}.Debug|Any CPU.ActiveCfg = Debug|Any CPU
		{19C63406-82CE-4C90-931B-E3AB13108FB2}.Debug|Any CPU.Build.0 = Debug|Any CPU
		{19C63406-82CE-4C90-931B-E3AB13108FB2}.Release|Any CPU.ActiveCfg = Release|Any CPU
		{19C63406-82CE-4C90-931B-E3AB13108FB2}.Release|Any CPU.Build.0 = Release|Any CPU
		{BC4680B7-2E02-41C7-882B-D95E4FFB684E}.All|Any CPU.ActiveCfg = Release|Any CPU
		{BC4680B7-2E02-41C7-882B-D95E4FFB684E}.All|Any CPU.Build.0 = Release|Any CPU
		{BC4680B7-2E02-41C7-882B-D95E4FFB684E}.Debug|Any CPU.ActiveCfg = Debug|Any CPU
		{BC4680B7-2E02-41C7-882B-D95E4FFB684E}.Debug|Any CPU.Build.0 = Debug|Any CPU
		{BC4680B7-2E02-41C7-882B-D95E4FFB684E}.Release|Any CPU.ActiveCfg = Release|Any CPU
		{BC4680B7-2E02-41C7-882B-D95E4FFB684E}.Release|Any CPU.Build.0 = Release|Any CPU
		{F04B2C92-1A08-447E-A842-182D85D46D4A}.All|Any CPU.ActiveCfg = Release|Any CPU
		{F04B2C92-1A08-447E-A842-182D85D46D4A}.All|Any CPU.Build.0 = Release|Any CPU
		{F04B2C92-1A08-447E-A842-182D85D46D4A}.Debug|Any CPU.ActiveCfg = Debug|Any CPU
		{F04B2C92-1A08-447E-A842-182D85D46D4A}.Debug|Any CPU.Build.0 = Debug|Any CPU
		{F04B2C92-1A08-447E-A842-182D85D46D4A}.Release|Any CPU.ActiveCfg = Release|Any CPU
		{F04B2C92-1A08-447E-A842-182D85D46D4A}.Release|Any CPU.Build.0 = Release|Any CPU
		{F056642F-22A3-486D-9A1F-CC30E1FBE15C}.All|Any CPU.ActiveCfg = Release|Any CPU
		{F056642F-22A3-486D-9A1F-CC30E1FBE15C}.All|Any CPU.Build.0 = Release|Any CPU
		{F056642F-22A3-486D-9A1F-CC30E1FBE15C}.Debug|Any CPU.ActiveCfg = Debug|Any CPU
		{F056642F-22A3-486D-9A1F-CC30E1FBE15C}.Debug|Any CPU.Build.0 = Debug|Any CPU
		{F056642F-22A3-486D-9A1F-CC30E1FBE15C}.Release|Any CPU.ActiveCfg = Release|Any CPU
		{F056642F-22A3-486D-9A1F-CC30E1FBE15C}.Release|Any CPU.Build.0 = Release|Any CPU
		{C2985E33-D7D2-4FA5-BF96-E68D4E76AC24}.All|Any CPU.ActiveCfg = DefaultBuild
		{C2985E33-D7D2-4FA5-BF96-E68D4E76AC24}.All|Any CPU.Build.0 = DefaultBuild
		{C2985E33-D7D2-4FA5-BF96-E68D4E76AC24}.Debug|Any CPU.ActiveCfg = DefaultBuild
		{C2985E33-D7D2-4FA5-BF96-E68D4E76AC24}.Debug|Any CPU.Build.0 = DefaultBuild
		{C2985E33-D7D2-4FA5-BF96-E68D4E76AC24}.Release|Any CPU.ActiveCfg = DefaultBuild
		{C2985E33-D7D2-4FA5-BF96-E68D4E76AC24}.Release|Any CPU.Build.0 = DefaultBuild
	EndGlobalSection
	GlobalSection(SolutionProperties) = preSolution
		HideSolutionNode = FALSE
	EndGlobalSection
	GlobalSection(ExtensibilityGlobals) = postSolution
		SolutionGuid = {DB2B2DB7-9C29-4DFA-AEF5-22D7694A999B}
	EndGlobalSection
EndGlobal
